
Microsoft Visual Studio Solution File, Format Version 12.00
# Visual Studio Version 17
VisualStudioVersion = 17.9.34714.143
MinimumVisualStudioVersion = 10.0.40219.1
Project("{9A19103F-16F7-4668-BE54-9A1E7A4F7556}") = "Data", "Data\Data.csproj", "{436720F7-F53C-449D-BDE5-46B58071F0F0}"
EndProject
Project("{9A19103F-16F7-4668-BE54-9A1E7A4F7556}") = "General department", "General department\General department\General department.csproj", "{0A31D884-8C19-45F7-83CE-918E7CE9FA6D}"
	ProjectSection(ProjectDependencies) = postProject
		{436720F7-F53C-449D-BDE5-46B58071F0F0} = {436720F7-F53C-449D-BDE5-46B58071F0F0}
		{E02D2D3D-7C30-4DF4-9629-6E6EEA5698D6} = {E02D2D3D-7C30-4DF4-9629-6E6EEA5698D6}
	EndProjectSection
EndProject
Project("{9A19103F-16F7-4668-BE54-9A1E7A4F7556}") = "API", "API\API.csproj", "{88D4F05F-9765-458B-89EE-060AF3BE2975}"
	ProjectSection(ProjectDependencies) = postProject
		{436720F7-F53C-449D-BDE5-46B58071F0F0} = {436720F7-F53C-449D-BDE5-46B58071F0F0}
		{E02D2D3D-7C30-4DF4-9629-6E6EEA5698D6} = {E02D2D3D-7C30-4DF4-9629-6E6EEA5698D6}
	EndProjectSection
EndProject
Project("{9A19103F-16F7-4668-BE54-9A1E7A4F7556}") = "Service", "Service\Service.csproj", "{E02D2D3D-7C30-4DF4-9629-6E6EEA5698D6}"
	ProjectSection(ProjectDependencies) = postProject
		{436720F7-F53C-449D-BDE5-46B58071F0F0} = {436720F7-F53C-449D-BDE5-46B58071F0F0}
	EndProjectSection
EndProject
Project("{9A19103F-16F7-4668-BE54-9A1E7A4F7556}") = "WebSite", "WebSite\WebSite.csproj", "{5D38F943-F95D-46E6-AB3D-1396D7A025ED}"
	ProjectSection(ProjectDependencies) = postProject
		{436720F7-F53C-449D-BDE5-46B58071F0F0} = {436720F7-F53C-449D-BDE5-46B58071F0F0}
		{E02D2D3D-7C30-4DF4-9629-6E6EEA5698D6} = {E02D2D3D-7C30-4DF4-9629-6E6EEA5698D6}
	EndProjectSection
EndProject
Project("{FAE04EC0-301F-11D3-BF4B-00C04F79EFBC}") = "Security terminal", "Security terminal\Security terminal.csproj", "{9C337ADE-B344-49FF-B403-7017AFFEAAE5}"
EndProject
Global
	GlobalSection(SolutionConfigurationPlatforms) = preSolution
		Debug|Any CPU = Debug|Any CPU
		Release|Any CPU = Release|Any CPU
	EndGlobalSection
	GlobalSection(ProjectConfigurationPlatforms) = postSolution
		{436720F7-F53C-449D-BDE5-46B58071F0F0}.Debug|Any CPU.ActiveCfg = Debug|Any CPU
		{436720F7-F53C-449D-BDE5-46B58071F0F0}.Debug|Any CPU.Build.0 = Debug|Any CPU
		{436720F7-F53C-449D-BDE5-46B58071F0F0}.Release|Any CPU.ActiveCfg = Release|Any CPU
		{436720F7-F53C-449D-BDE5-46B58071F0F0}.Release|Any CPU.Build.0 = Release|Any CPU
		{0A31D884-8C19-45F7-83CE-918E7CE9FA6D}.Debug|Any CPU.ActiveCfg = Debug|Any CPU
		{0A31D884-8C19-45F7-83CE-918E7CE9FA6D}.Debug|Any CPU.Build.0 = Debug|Any CPU
		{0A31D884-8C19-45F7-83CE-918E7CE9FA6D}.Debug|Any CPU.Deploy.0 = Debug|Any CPU
		{0A31D884-8C19-45F7-83CE-918E7CE9FA6D}.Release|Any CPU.ActiveCfg = Release|Any CPU
		{0A31D884-8C19-45F7-83CE-918E7CE9FA6D}.Release|Any CPU.Build.0 = Release|Any CPU
		{0A31D884-8C19-45F7-83CE-918E7CE9FA6D}.Release|Any CPU.Deploy.0 = Release|Any CPU
		{88D4F05F-9765-458B-89EE-060AF3BE2975}.Debug|Any CPU.ActiveCfg = Debug|Any CPU
		{88D4F05F-9765-458B-89EE-060AF3BE2975}.Debug|Any CPU.Build.0 = Debug|Any CPU
		{88D4F05F-9765-458B-89EE-060AF3BE2975}.Release|Any CPU.ActiveCfg = Release|Any CPU
		{88D4F05F-9765-458B-89EE-060AF3BE2975}.Release|Any CPU.Build.0 = Release|Any CPU
		{E02D2D3D-7C30-4DF4-9629-6E6EEA5698D6}.Debug|Any CPU.ActiveCfg = Debug|Any CPU
		{E02D2D3D-7C30-4DF4-9629-6E6EEA5698D6}.Debug|Any CPU.Build.0 = Debug|Any CPU
		{E02D2D3D-7C30-4DF4-9629-6E6EEA5698D6}.Release|Any CPU.ActiveCfg = Release|Any CPU
		{E02D2D3D-7C30-4DF4-9629-6E6EEA5698D6}.Release|Any CPU.Build.0 = Release|Any CPU
		{5D38F943-F95D-46E6-AB3D-1396D7A025ED}.Debug|Any CPU.ActiveCfg = Debug|Any CPU
		{5D38F943-F95D-46E6-AB3D-1396D7A025ED}.Debug|Any CPU.Build.0 = Debug|Any CPU
		{5D38F943-F95D-46E6-AB3D-1396D7A025ED}.Release|Any CPU.ActiveCfg = Release|Any CPU
		{5D38F943-F95D-46E6-AB3D-1396D7A025ED}.Release|Any CPU.Build.0 = Release|Any CPU
		{9C337ADE-B344-49FF-B403-7017AFFEAAE5}.Debug|Any CPU.ActiveCfg = Debug|Any CPU
		{9C337ADE-B344-49FF-B403-7017AFFEAAE5}.Debug|Any CPU.Build.0 = Debug|Any CPU
		{9C337ADE-B344-49FF-B403-7017AFFEAAE5}.Debug|Any CPU.Deploy.0 = Debug|Any CPU
		{9C337ADE-B344-49FF-B403-7017AFFEAAE5}.Release|Any CPU.ActiveCfg = Release|Any CPU
		{9C337ADE-B344-49FF-B403-7017AFFEAAE5}.Release|Any CPU.Build.0 = Release|Any CPU
		{9C337ADE-B344-49FF-B403-7017AFFEAAE5}.Release|Any CPU.Deploy.0 = Release|Any CPU
	EndGlobalSection
	GlobalSection(SolutionProperties) = preSolution
		HideSolutionNode = FALSE
	EndGlobalSection
	GlobalSection(ExtensibilityGlobals) = postSolution
		SolutionGuid = {2466D3DA-2FA0-4ECA-90DF-17DA580759B7}
	EndGlobalSection
EndGlobal
